
Microsoft Visual Studio Solution File, Format Version 12.00
# Visual Studio Version 17
VisualStudioVersion = 17.1.32210.238
MinimumVisualStudioVersion = 10.0.40219.1
Project("{FAE04EC0-301F-11D3-BF4B-00C04F79EFBC}") = "BikeFactory.Business", "BikeFactory.Business\BikeFactory.Business.csproj", "{2A24DCB7-AD8B-4647-9A5D-205BC6388E00}"
EndProject
Project("{FAE04EC0-301F-11D3-BF4B-00C04F79EFBC}") = "BikeFactory.Data", "BikeFactory.Data\BikeFactory.Data.csproj", "{22814F46-1294-4F1E-A53F-482397E88351}"
EndProject
Project("{FAE04EC0-301F-11D3-BF4B-00C04F79EFBC}") = "BikeFactory.UI", "BikeFactory.UI\BikeFactory.UI.csproj", "{A0B2D17B-3C59-43D5-B1B3-6A913CB43F52}"
EndProject
Global
	GlobalSection(SolutionConfigurationPlatforms) = preSolution
		Debug|Any CPU = Debug|Any CPU
		Release|Any CPU = Release|Any CPU
	EndGlobalSection
	GlobalSection(ProjectConfigurationPlatforms) = postSolution
		{2A24DCB7-AD8B-4647-9A5D-205BC6388E00}.Debug|Any CPU.ActiveCfg = Debug|Any CPU
		{2A24DCB7-AD8B-4647-9A5D-205BC6388E00}.Debug|Any CPU.Build.0 = Debug|Any CPU
		{2A24DCB7-AD8B-4647-9A5D-205BC6388E00}.Release|Any CPU.ActiveCfg = Release|Any CPU
		{2A24DCB7-AD8B-4647-9A5D-205BC6388E00}.Release|Any CPU.Build.0 = Release|Any CPU
		{22814F46-1294-4F1E-A53F-482397E88351}.Debug|Any CPU.ActiveCfg = Debug|Any CPU
		{22814F46-1294-4F1E-A53F-482397E88351}.Debug|Any CPU.Build.0 = Debug|Any CPU
		{22814F46-1294-4F1E-A53F-482397E88351}.Release|Any CPU.ActiveCfg = Release|Any CPU
		{22814F46-1294-4F1E-A53F-482397E88351}.Release|Any CPU.Build.0 = Release|Any CPU
		{A0B2D17B-3C59-43D5-B1B3-6A913CB43F52}.Debug|Any CPU.ActiveCfg = Debug|Any CPU
		{A0B2D17B-3C59-43D5-B1B3-6A913CB43F52}.Debug|Any CPU.Build.0 = Debug|Any CPU
		{A0B2D17B-3C59-43D5-B1B3-6A913CB43F52}.Release|Any CPU.ActiveCfg = Release|Any CPU
		{A0B2D17B-3C59-43D5-B1B3-6A913CB43F52}.Release|Any CPU.Build.0 = Release|Any CPU
	EndGlobalSection
	GlobalSection(SolutionProperties) = preSolution
		HideSolutionNode = FALSE
	EndGlobalSection
	GlobalSection(ExtensibilityGlobals) = postSolution
		SolutionGuid = {719ABD21-0188-4B37-A72C-0FADD74450D4}
	EndGlobalSection
EndGlobal
